
Microsoft Visual Studio Solution File, Format Version 12.00
# Visual Studio 15
Project("{FAE04EC0-301F-11D3-BF4B-00C04F79EFBC}") = "Selenium", "Selenium\Selenium.csproj", "{32076C96-44AB-41BF-9B25-188A3FE486E1}"
EndProject
Global
	GlobalSection(SolutionConfigurationPlatforms) = preSolution
		Debug|anycpu = Debug|anycpu
		Release|anycpu = Release|anycpu
	EndGlobalSection
	GlobalSection(ProjectConfigurationPlatforms) = postSolution
		{32076C96-44AB-41BF-9B25-188A3FE486E1}.Debug|anycpu.ActiveCfg = Debug|anycpu
		{32076C96-44AB-41BF-9B25-188A3FE486E1}.Debug|anycpu.Build.0 = Debug|anycpu
		{32076C96-44AB-41BF-9B25-188A3FE486E1}.Release|anycpu.ActiveCfg = Release|anycpu
		{32076C96-44AB-41BF-9B25-188A3FE486E1}.Release|anycpu.Build.0 = Release|anycpu
	EndGlobalSection
EndGlobal
